
Microsoft Visual Studio Solution File, Format Version 12.00
# Visual Studio Version 17
VisualStudioVersion = 17.13.35931.197 d17.13
MinimumVisualStudioVersion = 10.0.40219.1
Project("{FAE04EC0-301F-11D3-BF4B-00C04F79EFBC}") = "DreamDecode.API", "DreamDecode\DreamDecode.API.csproj", "{65D64A3A-9705-4E54-984B-6C45597EF4AB}"
EndProject
Project("{FAE04EC0-301F-11D3-BF4B-00C04F79EFBC}") = "DreamDecode.Domain", "DreamDecode.Domain\DreamDecode.Domain.csproj", "{CDA532B0-6160-4E76-B25B-20572A5F1881}"
EndProject
Project("{FAE04EC0-301F-11D3-BF4B-00C04F79EFBC}") = "DreamDecode.Application", "DreamDecode.Application\DreamDecode.Application.csproj", "{5CA909F3-AC91-4B68-AC4F-5EF30414B8EE}"
EndProject
Project("{FAE04EC0-301F-11D3-BF4B-00C04F79EFBC}") = "DreamDecode.Infrastructure", "DreamDecode.Infrastructure\DreamDecode.Infrastructure.csproj", "{D8F8EFA9-388F-42D5-9BC8-0B281A47A168}"
EndProject
Project("{FAE04EC0-301F-11D3-BF4B-00C04F79EFBC}") = "DreamDecode.Shared", "DreamDecode.Shared\DreamDecode.Shared.csproj", "{637DDF35-F702-4F41-A9BB-F04687724E13}"
EndProject
Global
	GlobalSection(SolutionConfigurationPlatforms) = preSolution
		Debug|Any CPU = Debug|Any CPU
		Release|Any CPU = Release|Any CPU
	EndGlobalSection
	GlobalSection(ProjectConfigurationPlatforms) = postSolution
		{65D64A3A-9705-4E54-984B-6C45597EF4AB}.Debug|Any CPU.ActiveCfg = Debug|Any CPU
		{65D64A3A-9705-4E54-984B-6C45597EF4AB}.Debug|Any CPU.Build.0 = Debug|Any CPU
		{65D64A3A-9705-4E54-984B-6C45597EF4AB}.Release|Any CPU.ActiveCfg = Release|Any CPU
		{65D64A3A-9705-4E54-984B-6C45597EF4AB}.Release|Any CPU.Build.0 = Release|Any CPU
		{CDA532B0-6160-4E76-B25B-20572A5F1881}.Debug|Any CPU.ActiveCfg = Debug|Any CPU
		{CDA532B0-6160-4E76-B25B-20572A5F1881}.Debug|Any CPU.Build.0 = Debug|Any CPU
		{CDA532B0-6160-4E76-B25B-20572A5F1881}.Release|Any CPU.ActiveCfg = Release|Any CPU
		{CDA532B0-6160-4E76-B25B-20572A5F1881}.Release|Any CPU.Build.0 = Release|Any CPU
		{5CA909F3-AC91-4B68-AC4F-5EF30414B8EE}.Debug|Any CPU.ActiveCfg = Debug|Any CPU
		{5CA909F3-AC91-4B68-AC4F-5EF30414B8EE}.Debug|Any CPU.Build.0 = Debug|Any CPU
		{5CA909F3-AC91-4B68-AC4F-5EF30414B8EE}.Release|Any CPU.ActiveCfg = Release|Any CPU
		{5CA909F3-AC91-4B68-AC4F-5EF30414B8EE}.Release|Any CPU.Build.0 = Release|Any CPU
		{D8F8EFA9-388F-42D5-9BC8-0B281A47A168}.Debug|Any CPU.ActiveCfg = Debug|Any CPU
		{D8F8EFA9-388F-42D5-9BC8-0B281A47A168}.Debug|Any CPU.Build.0 = Debug|Any CPU
		{D8F8EFA9-388F-42D5-9BC8-0B281A47A168}.Release|Any CPU.ActiveCfg = Release|Any CPU
		{D8F8EFA9-388F-42D5-9BC8-0B281A47A168}.Release|Any CPU.Build.0 = Release|Any CPU
		{637DDF35-F702-4F41-A9BB-F04687724E13}.Debug|Any CPU.ActiveCfg = Debug|Any CPU
		{637DDF35-F702-4F41-A9BB-F04687724E13}.Debug|Any CPU.Build.0 = Debug|Any CPU
		{637DDF35-F702-4F41-A9BB-F04687724E13}.Release|Any CPU.ActiveCfg = Release|Any CPU
		{637DDF35-F702-4F41-A9BB-F04687724E13}.Release|Any CPU.Build.0 = Release|Any CPU
	EndGlobalSection
	GlobalSection(SolutionProperties) = preSolution
		HideSolutionNode = FALSE
	EndGlobalSection
	GlobalSection(ExtensibilityGlobals) = postSolution
		SolutionGuid = {AC3375D1-1771-4FD4-8D5D-72CF9AFF9E57}
	EndGlobalSection
EndGlobal
